
Microsoft Visual Studio Solution File, Format Version 12.00
Project("{FAE04EC0-301F-11D3-BF4B-00C04F79EFBC}") = "Console", "Console.csproj", "{D03306DF-30AC-4887-BF5C-8F2108524E25}"
EndProject
Project("{FAE04EC0-301F-11D3-BF4B-00C04F79EFBC}") = "External_Core", "..\External_Core\External_Core.csproj", "{D99D70AC-647B-4F7E-8053-E960B7C3DF75}"
EndProject
Global
	GlobalSection(SolutionConfigurationPlatforms) = preSolution
		Debug|Any CPU = Debug|Any CPU
		Release|Any CPU = Release|Any CPU
	EndGlobalSection
	GlobalSection(ProjectConfigurationPlatforms) = postSolution
		{D03306DF-30AC-4887-BF5C-8F2108524E25}.Debug|Any CPU.ActiveCfg = Debug|Any CPU
		{D03306DF-30AC-4887-BF5C-8F2108524E25}.Debug|Any CPU.Build.0 = Debug|Any CPU
		{D03306DF-30AC-4887-BF5C-8F2108524E25}.Release|Any CPU.ActiveCfg = Release|Any CPU
		{D03306DF-30AC-4887-BF5C-8F2108524E25}.Release|Any CPU.Build.0 = Release|Any CPU
		{D99D70AC-647B-4F7E-8053-E960B7C3DF75}.Debug|Any CPU.ActiveCfg = Debug|Any CPU
		{D99D70AC-647B-4F7E-8053-E960B7C3DF75}.Debug|Any CPU.Build.0 = Debug|Any CPU
		{D99D70AC-647B-4F7E-8053-E960B7C3DF75}.Release|Any CPU.ActiveCfg = Release|Any CPU
		{D99D70AC-647B-4F7E-8053-E960B7C3DF75}.Release|Any CPU.Build.0 = Release|Any CPU
	EndGlobalSection
EndGlobal
